
Microsoft Visual Studio Solution File, Format Version 12.00
# Visual Studio 15
VisualStudioVersion = 15.0.28010.2050
MinimumVisualStudioVersion = 10.0.40219.1
Project("{FAE04EC0-301F-11D3-BF4B-00C04F79EFBC}") = "Learn", "Learn\Learn.csproj", "{F9D4EB98-93B3-4CC1-8E7A-7ED6CB6827A0}"
EndProject
Project("{FAE04EC0-301F-11D3-BF4B-00C04F79EFBC}") = "XamarinStandard.Android", "XamarinStandard\XamarinStandard.Android\XamarinStandard.Android.csproj", "{C85AAAD3-89E9-4F26-BB9F-75BCECB45EA8}"
EndProject
Project("{FAE04EC0-301F-11D3-BF4B-00C04F79EFBC}") = "XamarinStandard.UWP", "XamarinStandard\XamarinStandard.UWP\XamarinStandard.UWP.csproj", "{705B2789-743D-4F36-B301-DDB68D0AD852}"
EndProject
Project("{FAE04EC0-301F-11D3-BF4B-00C04F79EFBC}") = "XamarinStandard", "XamarinStandard\XamarinStandard\XamarinStandard.csproj", "{39AD0B1B-471D-4458-805A-2500185163EA}"
EndProject
Project("{FAE04EC0-301F-11D3-BF4B-00C04F79EFBC}") = "Backend", "Backend\Backend.csproj", "{841E9CD3-E0AA-4593-B632-3A0747C27C4F}"
EndProject
Project("{FAE04EC0-301F-11D3-BF4B-00C04F79EFBC}") = "Shared", "Shared\Shared.csproj", "{F296218A-3642-4DA0-9DAE-D486267369D5}"
EndProject
Global
	GlobalSection(SolutionConfigurationPlatforms) = preSolution
		Debug|Any CPU = Debug|Any CPU
		Debug|ARM = Debug|ARM
		Debug|x64 = Debug|x64
		Debug|x86 = Debug|x86
		Release|Any CPU = Release|Any CPU
		Release|ARM = Release|ARM
		Release|x64 = Release|x64
		Release|x86 = Release|x86
	EndGlobalSection
	GlobalSection(ProjectConfigurationPlatforms) = postSolution
		{F9D4EB98-93B3-4CC1-8E7A-7ED6CB6827A0}.Debug|Any CPU.ActiveCfg = Debug|Any CPU
		{F9D4EB98-93B3-4CC1-8E7A-7ED6CB6827A0}.Debug|Any CPU.Build.0 = Debug|Any CPU
		{F9D4EB98-93B3-4CC1-8E7A-7ED6CB6827A0}.Debug|ARM.ActiveCfg = Debug|Any CPU
		{F9D4EB98-93B3-4CC1-8E7A-7ED6CB6827A0}.Debug|ARM.Build.0 = Debug|Any CPU
		{F9D4EB98-93B3-4CC1-8E7A-7ED6CB6827A0}.Debug|x64.ActiveCfg = Debug|Any CPU
		{F9D4EB98-93B3-4CC1-8E7A-7ED6CB6827A0}.Debug|x64.Build.0 = Debug|Any CPU
		{F9D4EB98-93B3-4CC1-8E7A-7ED6CB6827A0}.Debug|x86.ActiveCfg = Debug|Any CPU
		{F9D4EB98-93B3-4CC1-8E7A-7ED6CB6827A0}.Debug|x86.Build.0 = Debug|Any CPU
		{F9D4EB98-93B3-4CC1-8E7A-7ED6CB6827A0}.Release|Any CPU.ActiveCfg = Release|Any CPU
		{F9D4EB98-93B3-4CC1-8E7A-7ED6CB6827A0}.Release|Any CPU.Build.0 = Release|Any CPU
		{F9D4EB98-93B3-4CC1-8E7A-7ED6CB6827A0}.Release|ARM.ActiveCfg = Release|Any CPU
		{F9D4EB98-93B3-4CC1-8E7A-7ED6CB6827A0}.Release|ARM.Build.0 = Release|Any CPU
		{F9D4EB98-93B3-4CC1-8E7A-7ED6CB6827A0}.Release|x64.ActiveCfg = Release|Any CPU
		{F9D4EB98-93B3-4CC1-8E7A-7ED6CB6827A0}.Release|x64.Build.0 = Release|Any CPU
		{F9D4EB98-93B3-4CC1-8E7A-7ED6CB6827A0}.Release|x86.ActiveCfg = Release|Any CPU
		{F9D4EB98-93B3-4CC1-8E7A-7ED6CB6827A0}.Release|x86.Build.0 = Release|Any CPU
		{C85AAAD3-89E9-4F26-BB9F-75BCECB45EA8}.Debug|Any CPU.ActiveCfg = Debug|Any CPU
		{C85AAAD3-89E9-4F26-BB9F-75BCECB45EA8}.Debug|Any CPU.Build.0 = Debug|Any CPU
		{C85AAAD3-89E9-4F26-BB9F-75BCECB45EA8}.Debug|Any CPU.Deploy.0 = Debug|Any CPU
		{C85AAAD3-89E9-4F26-BB9F-75BCECB45EA8}.Debug|ARM.ActiveCfg = Debug|Any CPU
		{C85AAAD3-89E9-4F26-BB9F-75BCECB45EA8}.Debug|ARM.Build.0 = Debug|Any CPU
		{C85AAAD3-89E9-4F26-BB9F-75BCECB45EA8}.Debug|ARM.Deploy.0 = Debug|Any CPU
		{C85AAAD3-89E9-4F26-BB9F-75BCECB45EA8}.Debug|x64.ActiveCfg = Debug|Any CPU
		{C85AAAD3-89E9-4F26-BB9F-75BCECB45EA8}.Debug|x64.Build.0 = Debug|Any CPU
		{C85AAAD3-89E9-4F26-BB9F-75BCECB45EA8}.Debug|x64.Deploy.0 = Debug|Any CPU
		{C85AAAD3-89E9-4F26-BB9F-75BCECB45EA8}.Debug|x86.ActiveCfg = Debug|Any CPU
		{C85AAAD3-89E9-4F26-BB9F-75BCECB45EA8}.Debug|x86.Build.0 = Debug|Any CPU
		{C85AAAD3-89E9-4F26-BB9F-75BCECB45EA8}.Debug|x86.Deploy.0 = Debug|Any CPU
		{C85AAAD3-89E9-4F26-BB9F-75BCECB45EA8}.Release|Any CPU.ActiveCfg = Release|Any CPU
		{C85AAAD3-89E9-4F26-BB9F-75BCECB45EA8}.Release|Any CPU.Build.0 = Release|Any CPU
		{C85AAAD3-89E9-4F26-BB9F-75BCECB45EA8}.Release|Any CPU.Deploy.0 = Release|Any CPU
		{C85AAAD3-89E9-4F26-BB9F-75BCECB45EA8}.Release|ARM.ActiveCfg = Release|Any CPU
		{C85AAAD3-89E9-4F26-BB9F-75BCECB45EA8}.Release|ARM.Build.0 = Release|Any CPU
		{C85AAAD3-89E9-4F26-BB9F-75BCECB45EA8}.Release|ARM.Deploy.0 = Release|Any CPU
		{C85AAAD3-89E9-4F26-BB9F-75BCECB45EA8}.Release|x64.ActiveCfg = Release|Any CPU
		{C85AAAD3-89E9-4F26-BB9F-75BCECB45EA8}.Release|x64.Build.0 = Release|Any CPU
		{C85AAAD3-89E9-4F26-BB9F-75BCECB45EA8}.Release|x64.Deploy.0 = Release|Any CPU
		{C85AAAD3-89E9-4F26-BB9F-75BCECB45EA8}.Release|x86.ActiveCfg = Release|Any CPU
		{C85AAAD3-89E9-4F26-BB9F-75BCECB45EA8}.Release|x86.Build.0 = Release|Any CPU
		{C85AAAD3-89E9-4F26-BB9F-75BCECB45EA8}.Release|x86.Deploy.0 = Release|Any CPU
		{705B2789-743D-4F36-B301-DDB68D0AD852}.Debug|Any CPU.ActiveCfg = Debug|x86
		{705B2789-743D-4F36-B301-DDB68D0AD852}.Debug|ARM.ActiveCfg = Debug|ARM
		{705B2789-743D-4F36-B301-DDB68D0AD852}.Debug|ARM.Build.0 = Debug|ARM
		{705B2789-743D-4F36-B301-DDB68D0AD852}.Debug|ARM.Deploy.0 = Debug|ARM
		{705B2789-743D-4F36-B301-DDB68D0AD852}.Debug|x64.ActiveCfg = Debug|x64
		{705B2789-743D-4F36-B301-DDB68D0AD852}.Debug|x64.Build.0 = Debug|x64
		{705B2789-743D-4F36-B301-DDB68D0AD852}.Debug|x64.Deploy.0 = Debug|x64
		{705B2789-743D-4F36-B301-DDB68D0AD852}.Debug|x86.ActiveCfg = Debug|x86
		{705B2789-743D-4F36-B301-DDB68D0AD852}.Debug|x86.Build.0 = Debug|x86
		{705B2789-743D-4F36-B301-DDB68D0AD852}.Debug|x86.Deploy.0 = Debug|x86
		{705B2789-743D-4F36-B301-DDB68D0AD852}.Release|Any CPU.ActiveCfg = Release|x86
		{705B2789-743D-4F36-B301-DDB68D0AD852}.Release|ARM.ActiveCfg = Release|ARM
		{705B2789-743D-4F36-B301-DDB68D0AD852}.Release|ARM.Build.0 = Release|ARM
		{705B2789-743D-4F36-B301-DDB68D0AD852}.Release|ARM.Deploy.0 = Release|ARM
		{705B2789-743D-4F36-B301-DDB68D0AD852}.Release|x64.ActiveCfg = Release|x64
		{705B2789-743D-4F36-B301-DDB68D0AD852}.Release|x64.Build.0 = Release|x64
		{705B2789-743D-4F36-B301-DDB68D0AD852}.Release|x64.Deploy.0 = Release|x64
		{705B2789-743D-4F36-B301-DDB68D0AD852}.Release|x86.ActiveCfg = Release|x86
		{705B2789-743D-4F36-B301-DDB68D0AD852}.Release|x86.Build.0 = Release|x86
		{705B2789-743D-4F36-B301-DDB68D0AD852}.Release|x86.Deploy.0 = Release|x86
		{39AD0B1B-471D-4458-805A-2500185163EA}.Debug|Any CPU.ActiveCfg = Debug|Any CPU
		{39AD0B1B-471D-4458-805A-2500185163EA}.Debug|Any CPU.Build.0 = Debug|Any CPU
		{39AD0B1B-471D-4458-805A-2500185163EA}.Debug|ARM.ActiveCfg = Debug|Any CPU
		{39AD0B1B-471D-4458-805A-2500185163EA}.Debug|ARM.Build.0 = Debug|Any CPU
		{39AD0B1B-471D-4458-805A-2500185163EA}.Debug|x64.ActiveCfg = Debug|Any CPU
		{39AD0B1B-471D-4458-805A-2500185163EA}.Debug|x64.Build.0 = Debug|Any CPU
		{39AD0B1B-471D-4458-805A-2500185163EA}.Debug|x86.ActiveCfg = Debug|Any CPU
		{39AD0B1B-471D-4458-805A-2500185163EA}.Debug|x86.Build.0 = Debug|Any CPU
		{39AD0B1B-471D-4458-805A-2500185163EA}.Release|Any CPU.ActiveCfg = Release|Any CPU
		{39AD0B1B-471D-4458-805A-2500185163EA}.Release|Any CPU.Build.0 = Release|Any CPU
		{39AD0B1B-471D-4458-805A-2500185163EA}.Release|ARM.ActiveCfg = Release|Any CPU
		{39AD0B1B-471D-4458-805A-2500185163EA}.Release|ARM.Build.0 = Release|Any CPU
		{39AD0B1B-471D-4458-805A-2500185163EA}.Release|x64.ActiveCfg = Release|Any CPU
		{39AD0B1B-471D-4458-805A-2500185163EA}.Release|x64.Build.0 = Release|Any CPU
		{39AD0B1B-471D-4458-805A-2500185163EA}.Release|x86.ActiveCfg = Release|Any CPU
		{39AD0B1B-471D-4458-805A-2500185163EA}.Release|x86.Build.0 = Release|Any CPU
		{841E9CD3-E0AA-4593-B632-3A0747C27C4F}.Debug|Any CPU.ActiveCfg = Debug|Any CPU
		{841E9CD3-E0AA-4593-B632-3A0747C27C4F}.Debug|Any CPU.Build.0 = Debug|Any CPU
		{841E9CD3-E0AA-4593-B632-3A0747C27C4F}.Debug|ARM.ActiveCfg = Debug|Any CPU
		{841E9CD3-E0AA-4593-B632-3A0747C27C4F}.Debug|ARM.Build.0 = Debug|Any CPU
		{841E9CD3-E0AA-4593-B632-3A0747C27C4F}.Debug|x64.ActiveCfg = Debug|Any CPU
		{841E9CD3-E0AA-4593-B632-3A0747C27C4F}.Debug|x64.Build.0 = Debug|Any CPU
		{841E9CD3-E0AA-4593-B632-3A0747C27C4F}.Debug|x86.ActiveCfg = Debug|Any CPU
		{841E9CD3-E0AA-4593-B632-3A0747C27C4F}.Debug|x86.Build.0 = Debug|Any CPU
		{841E9CD3-E0AA-4593-B632-3A0747C27C4F}.Release|Any CPU.ActiveCfg = Release|Any CPU
		{841E9CD3-E0AA-4593-B632-3A0747C27C4F}.Release|Any CPU.Build.0 = Release|Any CPU
		{841E9CD3-E0AA-4593-B632-3A0747C27C4F}.Release|ARM.ActiveCfg = Release|Any CPU
		{841E9CD3-E0AA-4593-B632-3A0747C27C4F}.Release|ARM.Build.0 = Release|Any CPU
		{841E9CD3-E0AA-4593-B632-3A0747C27C4F}.Release|x64.ActiveCfg = Release|Any CPU
		{841E9CD3-E0AA-4593-B632-3A0747C27C4F}.Release|x64.Build.0 = Release|Any CPU
		{841E9CD3-E0AA-4593-B632-3A0747C27C4F}.Release|x86.ActiveCfg = Release|Any CPU
		{841E9CD3-E0AA-4593-B632-3A0747C27C4F}.Release|x86.Build.0 = Release|Any CPU
		{F296218A-3642-4DA0-9DAE-D486267369D5}.Debug|Any CPU.ActiveCfg = Debug|Any CPU
		{F296218A-3642-4DA0-9DAE-D486267369D5}.Debug|Any CPU.Build.0 = Debug|Any CPU
		{F296218A-3642-4DA0-9DAE-D486267369D5}.Debug|ARM.ActiveCfg = Debug|Any CPU
		{F296218A-3642-4DA0-9DAE-D486267369D5}.Debug|ARM.Build.0 = Debug|Any CPU
		{F296218A-3642-4DA0-9DAE-D486267369D5}.Debug|x64.ActiveCfg = Debug|Any CPU
		{F296218A-3642-4DA0-9DAE-D486267369D5}.Debug|x64.Build.0 = Debug|Any CPU
		{F296218A-3642-4DA0-9DAE-D486267369D5}.Debug|x86.ActiveCfg = Debug|Any CPU
		{F296218A-3642-4DA0-9DAE-D486267369D5}.Debug|x86.Build.0 = Debug|Any CPU
		{F296218A-3642-4DA0-9DAE-D486267369D5}.Release|Any CPU.ActiveCfg = Release|Any CPU
		{F296218A-3642-4DA0-9DAE-D486267369D5}.Release|Any CPU.Build.0 = Release|Any CPU
		{F296218A-3642-4DA0-9DAE-D486267369D5}.Release|ARM.ActiveCfg = Release|Any CPU
		{F296218A-3642-4DA0-9DAE-D486267369D5}.Release|ARM.Build.0 = Release|Any CPU
		{F296218A-3642-4DA0-9DAE-D486267369D5}.Release|x64.ActiveCfg = Release|Any CPU
		{F296218A-3642-4DA0-9DAE-D486267369D5}.Release|x64.Build.0 = Release|Any CPU
		{F296218A-3642-4DA0-9DAE-D486267369D5}.Release|x86.ActiveCfg = Release|Any CPU
		{F296218A-3642-4DA0-9DAE-D486267369D5}.Release|x86.Build.0 = Release|Any CPU
	EndGlobalSection
	GlobalSection(SolutionProperties) = preSolution
		HideSolutionNode = FALSE
	EndGlobalSection
	GlobalSection(ExtensibilityGlobals) = postSolution
		SolutionGuid = {D86E4978-24ED-4FC5-8CA7-66DE839B1856}
	EndGlobalSection
EndGlobal
